
Microsoft Visual Studio Solution File, Format Version 12.00
# Visual Studio 15
VisualStudioVersion = 15.0.27004.2009
MinimumVisualStudioVersion = 10.0.40219.1
Project("{FAE04EC0-301F-11D3-BF4B-00C04F79EFBC}") = "ImageDuJour2", "ImageDuJour2\ImageDuJour2.csproj", "{05576AFE-C4E8-4CD6-81D9-434811603F73}"
EndProject
Project("{2150E333-8FDC-42A3-9474-1A3956D46DE8}") = "Solution Items", "Solution Items", "{5A1E005E-E1EC-44E7-8760-ABD218C28CDB}"
EndProject
Global
	GlobalSection(SolutionConfigurationPlatforms) = preSolution
		Debug|Any CPU = Debug|Any CPU
		Release|Any CPU = Release|Any CPU
	EndGlobalSection
	GlobalSection(ProjectConfigurationPlatforms) = postSolution
		{05576AFE-C4E8-4CD6-81D9-434811603F73}.Debug|Any CPU.ActiveCfg = Debug|Any CPU
		{05576AFE-C4E8-4CD6-81D9-434811603F73}.Debug|Any CPU.Build.0 = Debug|Any CPU
		{05576AFE-C4E8-4CD6-81D9-434811603F73}.Release|Any CPU.ActiveCfg = Release|Any CPU
		{05576AFE-C4E8-4CD6-81D9-434811603F73}.Release|Any CPU.Build.0 = Release|Any CPU
	EndGlobalSection
	GlobalSection(SolutionProperties) = preSolution
		HideSolutionNode = FALSE
	EndGlobalSection
	GlobalSection(ExtensibilityGlobals) = postSolution
		SolutionGuid = {29CDFDCD-92CD-4ADD-BE32-BF5EF23B3025}
	EndGlobalSection
EndGlobal
